
Microsoft Visual Studio Solution File, Format Version 12.00
# Visual Studio 15
VisualStudioVersion = 15.0.26430.15
MinimumVisualStudioVersion = 10.0.40219.1
Project("{8BC9CEB8-8B4A-11D0-8D11-00A0C91BC942}") = "os-lab05", "os-lab05\os-lab05.vcxproj", "{A728E8F2-99F0-479D-9909-124DF4FBB949}"
EndProject
Project("{8BC9CEB8-8B4A-11D0-8D11-00A0C91BC942}") = "DLL", "DLL\DLL.vcxproj", "{266114A4-8500-4235-B78C-C6A9FCA33202}"
EndProject
Global
	GlobalSection(SolutionConfigurationPlatforms) = preSolution
		Debug|x64 = Debug|x64
		Debug|x86 = Debug|x86
		Release|x64 = Release|x64
		Release|x86 = Release|x86
	EndGlobalSection
	GlobalSection(ProjectConfigurationPlatforms) = postSolution
		{A728E8F2-99F0-479D-9909-124DF4FBB949}.Debug|x64.ActiveCfg = Debug|x64
		{A728E8F2-99F0-479D-9909-124DF4FBB949}.Debug|x64.Build.0 = Debug|x64
		{A728E8F2-99F0-479D-9909-124DF4FBB949}.Debug|x86.ActiveCfg = Debug|Win32
		{A728E8F2-99F0-479D-9909-124DF4FBB949}.Debug|x86.Build.0 = Debug|Win32
		{A728E8F2-99F0-479D-9909-124DF4FBB949}.Release|x64.ActiveCfg = Release|x64
		{A728E8F2-99F0-479D-9909-124DF4FBB949}.Release|x64.Build.0 = Release|x64
		{A728E8F2-99F0-479D-9909-124DF4FBB949}.Release|x86.ActiveCfg = Release|Win32
		{A728E8F2-99F0-479D-9909-124DF4FBB949}.Release|x86.Build.0 = Release|Win32
		{266114A4-8500-4235-B78C-C6A9FCA33202}.Debug|x64.ActiveCfg = Debug|x64
		{266114A4-8500-4235-B78C-C6A9FCA33202}.Debug|x64.Build.0 = Debug|x64
		{266114A4-8500-4235-B78C-C6A9FCA33202}.Debug|x86.ActiveCfg = Debug|Win32
		{266114A4-8500-4235-B78C-C6A9FCA33202}.Debug|x86.Build.0 = Debug|Win32
		{266114A4-8500-4235-B78C-C6A9FCA33202}.Release|x64.ActiveCfg = Release|x64
		{266114A4-8500-4235-B78C-C6A9FCA33202}.Release|x64.Build.0 = Release|x64
		{266114A4-8500-4235-B78C-C6A9FCA33202}.Release|x86.ActiveCfg = Release|Win32
		{266114A4-8500-4235-B78C-C6A9FCA33202}.Release|x86.Build.0 = Release|Win32
	EndGlobalSection
	GlobalSection(SolutionProperties) = preSolution
		HideSolutionNode = FALSE
	EndGlobalSection
EndGlobal
